
Microsoft Visual Studio Solution File, Format Version 12.00
# Visual Studio Version 16
VisualStudioVersion = 16.0.31229.75
MinimumVisualStudioVersion = 10.0.40219.1
Project("{2150E333-8FDC-42A3-9474-1A3956D46DE8}") = "Solution Items", "Solution Items", "{4E2C9A9C-EB9F-43AD-863C-6B0FB13F6AFD}"
	ProjectSection(SolutionItems) = preProject
		.editorconfig = .editorconfig
	EndProjectSection
EndProject
Project("{FAE04EC0-301F-11D3-BF4B-00C04F79EFBC}") = "VisualStudioExtension", "VisualStudioExtension\VisualStudioExtension.csproj", "{E25B95EA-CDFA-4E9B-8325-FA404EF1C50C}"
EndProject
Project("{FAE04EC0-301F-11D3-BF4B-00C04F79EFBC}") = "Core", "Core\Core.csproj", "{28A5817C-FA80-40BA-A45F-3253670711DB}"
EndProject
Project("{FAE04EC0-301F-11D3-BF4B-00C04F79EFBC}") = "ConsoleApp", "ConsoleApp\ConsoleApp.csproj", "{A31F987F-2677-43FC-A7D4-26C41F386858}"
EndProject
Global
	GlobalSection(SolutionConfigurationPlatforms) = preSolution
		Debug|Any CPU = Debug|Any CPU
		Release|Any CPU = Release|Any CPU
	EndGlobalSection
	GlobalSection(ProjectConfigurationPlatforms) = postSolution
		{E25B95EA-CDFA-4E9B-8325-FA404EF1C50C}.Debug|Any CPU.ActiveCfg = Debug|Any CPU
		{E25B95EA-CDFA-4E9B-8325-FA404EF1C50C}.Debug|Any CPU.Build.0 = Debug|Any CPU
		{E25B95EA-CDFA-4E9B-8325-FA404EF1C50C}.Release|Any CPU.ActiveCfg = Release|Any CPU
		{E25B95EA-CDFA-4E9B-8325-FA404EF1C50C}.Release|Any CPU.Build.0 = Release|Any CPU
		{28A5817C-FA80-40BA-A45F-3253670711DB}.Debug|Any CPU.ActiveCfg = Debug|Any CPU
		{28A5817C-FA80-40BA-A45F-3253670711DB}.Debug|Any CPU.Build.0 = Debug|Any CPU
		{28A5817C-FA80-40BA-A45F-3253670711DB}.Release|Any CPU.ActiveCfg = Release|Any CPU
		{28A5817C-FA80-40BA-A45F-3253670711DB}.Release|Any CPU.Build.0 = Release|Any CPU
		{A31F987F-2677-43FC-A7D4-26C41F386858}.Debug|Any CPU.ActiveCfg = Debug|Any CPU
		{A31F987F-2677-43FC-A7D4-26C41F386858}.Debug|Any CPU.Build.0 = Debug|Any CPU
		{A31F987F-2677-43FC-A7D4-26C41F386858}.Release|Any CPU.ActiveCfg = Release|Any CPU
		{A31F987F-2677-43FC-A7D4-26C41F386858}.Release|Any CPU.Build.0 = Release|Any CPU
	EndGlobalSection
	GlobalSection(SolutionProperties) = preSolution
		HideSolutionNode = FALSE
	EndGlobalSection
	GlobalSection(ExtensibilityGlobals) = postSolution
		SolutionGuid = {47F9093C-C27D-43B6-BD14-BC52603E54BA}
	EndGlobalSection
EndGlobal
